<?xml version="1.0" encoding="utf-8"?>
<Project ToolsVersion="4.0" xmlns="http://schemas.microsoft.com/developer/msbuild/2003">
  <ItemGroup>
    <Filter Include="소스 파일">
      <UniqueIdentifier>{4FC737F1-C7A5-4376-A066-2A32D752A2FF}</UniqueIdentifier>
      <Extensions>cpp;c;cc;cxx;def;odl;idl;hpj;bat;asm;asmx</Extensions>
    </Filter>
    <Filter Include="헤더 파일">
      <UniqueIdentifier>{93995380-89BD-4b04-88EB-625FBE52EBFB}</UniqueIdentifier>
      <Extensions>h;hh;hpp;hxx;hm;inl;inc;xsd</Extensions>
    </Filter>
    <Filter Include="리소스 파일">
      <UniqueIdentifier>{67DA6AB6-F800-4c08-8B7A-83BB121AAD01}</UniqueIdentifier>
      <Extensions>rc;ico;cur;bmp;dlg;rc2;rct;bin;rgs;gif;jpg;jpeg;jpe;resx;tiff;tif;png;wav;mfcribbon-ms</Extensions>
    </Filter>
    <Filter Include="00. MainApp">
      <UniqueIdentifier>{31f9223f-9ea1-4975-99ff-d79d1e80eaec}</UniqueIdentifier>
    </Filter>
    <Filter Include="01. Scene">
      <UniqueIdentifier>{032dc322-8cac-402d-b7c8-f28bd295ad01}</UniqueIdentifier>
    </Filter>
    <Filter Include="01. Scene\00. Logo">
      <UniqueIdentifier>{b69a622f-1c39-4bf8-a2a6-eea81dad8542}</UniqueIdentifier>
    </Filter>
    <Filter Include="02. GameObject">
      <UniqueIdentifier>{d33425c8-21da-4501-8c83-db31b85383d1}</UniqueIdentifier>
    </Filter>
    <Filter Include="02. GameObject\00. Player">
      <UniqueIdentifier>{a6602c64-0898-4b52-bef5-5ee28c0805d6}</UniqueIdentifier>
    </Filter>
    <Filter Include="02. GameObject\01. Monster">
      <UniqueIdentifier>{a86d6be6-b9a5-4d65-a4f8-b8970f8e01ee}</UniqueIdentifier>
    </Filter>
    <Filter Include="02. GameObject\02. BackGround">
      <UniqueIdentifier>{a33b9444-c987-423f-8b25-4958c5ea216b}</UniqueIdentifier>
    </Filter>
    <Filter Include="01. Scene\01. Stage">
      <UniqueIdentifier>{a905bb56-992b-4611-8993-b5a2b03e9d53}</UniqueIdentifier>
    </Filter>
    <Filter Include="01. Scene\02. Loading">
      <UniqueIdentifier>{89705071-0729-4d54-9f78-76eae7401dd7}</UniqueIdentifier>
    </Filter>
    <Filter Include="02. GameObject\03. Terrain">
      <UniqueIdentifier>{17ee7a57-6de4-48cc-8ff7-0036d242cb25}</UniqueIdentifier>
    </Filter>
    <Filter Include="02. GameObject\04. DynamicCamera">
      <UniqueIdentifier>{86e6126b-c3e2-4dad-bc61-b320b907088e}</UniqueIdentifier>
    </Filter>
    <Filter Include="02. GameObject\05. SkyBox">
      <UniqueIdentifier>{057f627c-123e-4ed4-85e4-3ed11edbe730}</UniqueIdentifier>
    </Filter>
    <Filter Include="02. GameObject\06. Effect">
      <UniqueIdentifier>{69e88a4c-ddb1-4a70-a8a5-7d9df5c571a5}</UniqueIdentifier>
    </Filter>
    <Filter Include="02. GameObject\01. Monster\00. Fly">
      <UniqueIdentifier>{cf9f8842-abcf-4808-86f4-70866e924335}</UniqueIdentifier>
    </Filter>
    <Filter Include="02. GameObject\01. Monster\01. Attack Fly">
      <UniqueIdentifier>{c6e5643d-9fd8-4852-bff4-5e2c507062b9}</UniqueIdentifier>
    </Filter>
    <Filter Include="02. GameObject\01. Monster\02. Dip">
      <UniqueIdentifier>{cb737400-6da9-44bb-9751-a84d0225c70a}</UniqueIdentifier>
    </Filter>
    <Filter Include="02. GameObject\01. Monster\03. Pacer">
      <UniqueIdentifier>{5454218f-ac69-4f4b-acb5-a8fb346a6e08}</UniqueIdentifier>
    </Filter>
    <Filter Include="02. GameObject\01. Monster\04. Squirt">
      <UniqueIdentifier>{02626e64-7156-4199-9087-e1896ca1c9f0}</UniqueIdentifier>
    </Filter>
    <Filter Include="02. GameObject\07. Bullet">
      <UniqueIdentifier>{bb30728a-480d-4c87-aeb6-ad7927022be9}</UniqueIdentifier>
    </Filter>
    <Filter Include="02. GameObject\07. Bullet\00. PlayerBullet">
      <UniqueIdentifier>{6f667c1f-8d34-4d98-9977-5514742d0c2c}</UniqueIdentifier>
    </Filter>
    <Filter Include="02. GameObject\01. Monster\05. Leaper">
      <UniqueIdentifier>{6e3cb8ac-c805-42c5-ae87-032c4c2478f2}</UniqueIdentifier>
    </Filter>
    <Filter Include="02. GameObject\01. Monster\06. Charger">
      <UniqueIdentifier>{e842e840-2b28-4603-a45e-082d553d9c1e}</UniqueIdentifier>
    </Filter>
    <Filter Include="02. GameObject\01. Monster\99. Boss">
      <UniqueIdentifier>{4c9ef647-2a6a-469d-a531-dc22b7b6c4f0}</UniqueIdentifier>
    </Filter>
    <Filter Include="02. GameObject\01. Monster\99. Boss\00. Monstro">
      <UniqueIdentifier>{cad0cc39-d196-42d3-a006-a8d556e3fc3d}</UniqueIdentifier>
    </Filter>
    <Filter Include="02. GameObject\01. Monster\99. Boss\01. Mom">
      <UniqueIdentifier>{f31d6d15-a6db-4613-b5ab-d972cca48d1e}</UniqueIdentifier>
    </Filter>
    <Filter Include="02. GameObject\07. Bullet\01. MonsterBullet">
      <UniqueIdentifier>{f1500b9f-098d-466a-a487-ec428d6bb340}</UniqueIdentifier>
    </Filter>
    <Filter Include="02. GameObject\08. Item">
      <UniqueIdentifier>{eb45cc98-9855-4aa7-9194-080905f91f73}</UniqueIdentifier>
    </Filter>
    <Filter Include="02. GameObject\08. Item\00. Coin">
      <UniqueIdentifier>{ab0039c1-dba5-4882-87d4-20593ba44646}</UniqueIdentifier>
    </Filter>
    <Filter Include="02. GameObject\08. Item\01. Pill">
      <UniqueIdentifier>{3ec328b0-9bf1-4ba9-b8d0-93548ee3ed17}</UniqueIdentifier>
    </Filter>
    <Filter Include="02. GameObject\08. Item\02. BrimStone">
      <UniqueIdentifier>{a6dad498-0feb-4cd4-9041-e4bde24d429f}</UniqueIdentifier>
    </Filter>
    <Filter Include="02. GameObject\08. Item\03. SadOnion">
      <UniqueIdentifier>{fb2eea71-c97a-4f0f-a5b6-61deeaa27dff}</UniqueIdentifier>
    </Filter>
    <Filter Include="02. GameObject\08. Item\04. EpicItem">
      <UniqueIdentifier>{ed4bfe42-571f-468e-a3aa-fdb4ead421fc}</UniqueIdentifier>
    </Filter>
    <Filter Include="02. GameObject\08. Item\05. WhipWorm">
      <UniqueIdentifier>{6370de06-7fad-4ffb-900f-38d4f559e3e4}</UniqueIdentifier>
    </Filter>
    <Filter Include="01. Scene\03. LoadStage">
      <UniqueIdentifier>{b12f5bdd-c680-426e-b48f-928ea37002b5}</UniqueIdentifier>
    </Filter>
    <Filter Include="02. GameObject\01. Monster\99. Boss\01. Mom\00. MomParts">
      <UniqueIdentifier>{80ff7e50-0d3d-4122-bddc-f926d4e1004a}</UniqueIdentifier>
    </Filter>
    <Filter Include="02. GameObject\07. Bullet\02. BrimStoneBullet">
      <UniqueIdentifier>{694ca79b-71ac-40ec-b92c-6bcacb0e009a}</UniqueIdentifier>
    </Filter>
    <Filter Include="02. GameObject\09. MapObject">
      <UniqueIdentifier>{17e10d6f-8b9f-4e2d-be88-6d94dba8b892}</UniqueIdentifier>
    </Filter>
    <Filter Include="02. GameObject\09. MapObject\00. Poop">
      <UniqueIdentifier>{ed25b73d-a199-4b69-a9a8-db2c4fd13a34}</UniqueIdentifier>
    </Filter>
    <Filter Include="02. GameObject\01. Monster\01. Attack Fly\00. CenterFly">
      <UniqueIdentifier>{c3779ab9-8679-48c3-8aa1-a4f9234e662b}</UniqueIdentifier>
    </Filter>
    <Filter Include="02. GameObject\01. Monster\01. Attack Fly\01. NormalFly">
      <UniqueIdentifier>{2e228a1d-8597-4624-9d1c-51cd9ee76b72}</UniqueIdentifier>
    </Filter>
    <Filter Include="02. GameObject\08. Item\06. HeartHalf">
      <UniqueIdentifier>{b2542603-c2f4-4ccf-aa9d-9dc19a566388}</UniqueIdentifier>
    </Filter>
    <Filter Include="02. GameObject\08. Item\07. Heart">
      <UniqueIdentifier>{4811452a-c3aa-4c65-9d86-47014a8c7a4d}</UniqueIdentifier>
    </Filter>
    <Filter Include="02. GameObject\09. MapObject\01. CampFire">
      <UniqueIdentifier>{0fa2de16-7a62-4c9b-a5e6-10db14c198a4}</UniqueIdentifier>
    </Filter>
    <Filter Include="02. GameObject\09. MapObject\01. CampFire\00. Wood">
      <UniqueIdentifier>{ad81e5ff-c432-4592-9f8e-3693d146b6a9}</UniqueIdentifier>
    </Filter>
    <Filter Include="02. GameObject\09. MapObject\01. CampFire\01. Fire">
      <UniqueIdentifier>{a24dbfb2-22fa-4ac4-9ed6-941266e452bc}</UniqueIdentifier>
    </Filter>
    <Filter Include="02. GameObject\09. MapObject\02. Spike">
      <UniqueIdentifier>{bca512b5-7d3d-44a0-b8c7-dea189fb2fd5}</UniqueIdentifier>
    </Filter>
    <Filter Include="02. GameObject\09. MapObject\03. SlotMC">
      <UniqueIdentifier>{28213457-a9b3-4985-8bdf-3870d3a155da}</UniqueIdentifier>
    </Filter>
    <Filter Include="02. GameObject\09. MapObject\03. SlotMC\00. Machine">
      <UniqueIdentifier>{8529eed9-ebbc-40a9-908c-7a18f4fd34b0}</UniqueIdentifier>
    </Filter>
    <Filter Include="02. GameObject\09. MapObject\03. SlotMC\01. FirstCard">
      <UniqueIdentifier>{1ef1ded9-0c2d-4fdb-b90f-b351b18809dd}</UniqueIdentifier>
    </Filter>
    <Filter Include="02. GameObject\09. MapObject\03. SlotMC\02. SecCard">
      <UniqueIdentifier>{e5abe2fe-0a16-4486-9ddb-484b70667258}</UniqueIdentifier>
    </Filter>
    <Filter Include="02. GameObject\09. MapObject\03. SlotMC\03. ThirdCard">
      <UniqueIdentifier>{7c19dc1a-a028-4c03-9fed-c695745a06a9}</UniqueIdentifier>
    </Filter>
    <Filter Include="02. GameObject\10. Room">
      <UniqueIdentifier>{b6a081a9-4e20-4301-9ee7-0e06f27c0d38}</UniqueIdentifier>
    </Filter>
    <Filter Include="02. GameObject\10. Room\01. Floor">
      <UniqueIdentifier>{352424ed-33e6-478e-a419-ead405d35f0d}</UniqueIdentifier>
    </Filter>
    <Filter Include="02. GameObject\10. Room\00. Cube">
      <UniqueIdentifier>{6ac94962-0451-4389-ab1a-c60ee08198ef}</UniqueIdentifier>
    </Filter>
    <Filter Include="02. GameObject\10. Room\02. Wall">
      <UniqueIdentifier>{dcbfa838-2ff8-4b3f-a7e7-6e869f72a261}</UniqueIdentifier>
    </Filter>
  </ItemGroup>
  <ItemGroup>
    <Text Include="ReadMe.txt" />
  </ItemGroup>
  <ItemGroup>
    <ClInclude Include="stdafx.h">
      <Filter>헤더 파일</Filter>
    </ClInclude>
    <ClInclude Include="targetver.h">
      <Filter>헤더 파일</Filter>
    </ClInclude>
    <ClInclude Include="Resource.h">
      <Filter>헤더 파일</Filter>
    </ClInclude>
    <ClInclude Include="Client.h">
      <Filter>소스 파일</Filter>
    </ClInclude>
    <ClInclude Include="..\Header\MainApp.h">
      <Filter>00. MainApp</Filter>
    </ClInclude>
    <ClInclude Include="..\Header\Logo.h">
      <Filter>01. Scene\00. Logo</Filter>
    </ClInclude>
    <ClInclude Include="..\Header\Player.h">
      <Filter>02. GameObject\00. Player</Filter>
    </ClInclude>
    <ClInclude Include="..\Header\Monster.h">
      <Filter>02. GameObject\01. Monster</Filter>
    </ClInclude>
    <ClInclude Include="..\Header\BackGround.h">
      <Filter>02. GameObject\02. BackGround</Filter>
    </ClInclude>
    <ClInclude Include="..\Header\Stage.h">
      <Filter>01. Scene\01. Stage</Filter>
    </ClInclude>
    <ClInclude Include="..\Header\Loading.h">
      <Filter>01. Scene\02. Loading</Filter>
    </ClInclude>
    <ClInclude Include="..\Header\Terrain.h">
      <Filter>02. GameObject\03. Terrain</Filter>
    </ClInclude>
    <ClInclude Include="..\Header\DynamicCamera.h">
      <Filter>02. GameObject\04. DynamicCamera</Filter>
    </ClInclude>
    <ClInclude Include="..\Header\SkyBox.h">
      <Filter>02. GameObject\05. SkyBox</Filter>
    </ClInclude>
    <ClInclude Include="..\Header\Effect.h">
      <Filter>02. GameObject\06. Effect</Filter>
    </ClInclude>
    <ClInclude Include="..\Header\Fly.h">
      <Filter>02. GameObject\01. Monster\00. Fly</Filter>
    </ClInclude>
    <ClInclude Include="..\Header\AttackFly.h">
      <Filter>02. GameObject\01. Monster\01. Attack Fly</Filter>
    </ClInclude>
    <ClInclude Include="..\Header\Dip.h">
      <Filter>02. GameObject\01. Monster\02. Dip</Filter>
    </ClInclude>
    <ClInclude Include="..\Header\Pacer.h">
      <Filter>02. GameObject\01. Monster\03. Pacer</Filter>
    </ClInclude>
    <ClInclude Include="..\Header\Squirt.h">
      <Filter>02. GameObject\01. Monster\04. Squirt</Filter>
    </ClInclude>
    <ClInclude Include="..\Header\PlayerBullet.h">
      <Filter>02. GameObject\07. Bullet\00. PlayerBullet</Filter>
    </ClInclude>
    <ClInclude Include="..\Header\Leaper.h">
      <Filter>02. GameObject\01. Monster\05. Leaper</Filter>
    </ClInclude>
    <ClInclude Include="..\Header\Charger.h">
      <Filter>02. GameObject\01. Monster\06. Charger</Filter>
    </ClInclude>
    <ClInclude Include="..\Header\Monstro.h">
      <Filter>02. GameObject\01. Monster\99. Boss\00. Monstro</Filter>
    </ClInclude>
    <ClInclude Include="..\Header\MstBullet.h">
      <Filter>02. GameObject\07. Bullet\01. MonsterBullet</Filter>
    </ClInclude>
    <ClInclude Include="..\Header\Item.h">
      <Filter>02. GameObject\08. Item</Filter>
    </ClInclude>
    <ClInclude Include="..\Header\Coin.h">
      <Filter>02. GameObject\08. Item\00. Coin</Filter>
    </ClInclude>
    <ClInclude Include="..\Header\BrimStone.h">
      <Filter>02. GameObject\08. Item\02. BrimStone</Filter>
    </ClInclude>
    <ClInclude Include="..\Header\Pill.h">
      <Filter>02. GameObject\08. Item\01. Pill</Filter>
    </ClInclude>
    <ClInclude Include="..\Header\SadOnion.h">
      <Filter>02. GameObject\08. Item\03. SadOnion</Filter>
    </ClInclude>
    <ClInclude Include="..\Header\Epic.h">
      <Filter>02. GameObject\08. Item\04. EpicItem</Filter>
    </ClInclude>
    <ClInclude Include="..\Header\WhipWorm.h">
      <Filter>02. GameObject\08. Item\05. WhipWorm</Filter>
    </ClInclude>
    <ClInclude Include="..\Header\LoadStage.h">
      <Filter>01. Scene\03. LoadStage</Filter>
    </ClInclude>
    <ClInclude Include="..\Header\Mom.h">
      <Filter>02. GameObject\01. Monster\99. Boss\01. Mom</Filter>
    </ClInclude>
    <ClInclude Include="..\Header\MomParts.h">
      <Filter>02. GameObject\01. Monster\99. Boss\01. Mom\00. MomParts</Filter>
    </ClInclude>
    <ClInclude Include="..\Header\BrimStoneBullet.h">
      <Filter>02. GameObject\07. Bullet\02. BrimStoneBullet</Filter>
    </ClInclude>
    <ClInclude Include="..\Header\MapObj.h">
      <Filter>02. GameObject\09. MapObject</Filter>
    </ClInclude>
    <ClInclude Include="..\Header\CenterFly.h">
      <Filter>02. GameObject\01. Monster\01. Attack Fly\00. CenterFly</Filter>
    </ClInclude>
    <ClInclude Include="..\Header\NormalFly.h">
      <Filter>02. GameObject\01. Monster\01. Attack Fly\01. NormalFly</Filter>
    </ClInclude>
    <ClInclude Include="..\Header\Poop.h">
      <Filter>02. GameObject\09. MapObject\00. Poop</Filter>
    </ClInclude>
    <ClInclude Include="..\Header\HeartHalf.h">
      <Filter>02. GameObject\08. Item\06. HeartHalf</Filter>
    </ClInclude>
    <ClInclude Include="..\Header\Heart.h">
      <Filter>02. GameObject\08. Item\07. Heart</Filter>
    </ClInclude>
    <ClInclude Include="..\Header\CampFire.h">
      <Filter>02. GameObject\09. MapObject\01. CampFire</Filter>
    </ClInclude>
    <ClInclude Include="..\Header\Fire.h">
      <Filter>02. GameObject\09. MapObject\01. CampFire\01. Fire</Filter>
    </ClInclude>
    <ClInclude Include="..\Header\Wood.h">
      <Filter>02. GameObject\09. MapObject\01. CampFire\00. Wood</Filter>
    </ClInclude>
    <ClInclude Include="..\Header\Spike.h">
      <Filter>02. GameObject\09. MapObject\02. Spike</Filter>
    </ClInclude>
    <ClInclude Include="..\Header\SlotMC.h">
      <Filter>02. GameObject\09. MapObject\03. SlotMC</Filter>
    </ClInclude>
    <ClInclude Include="..\Header\Floor.h">
      <Filter>02. GameObject\10. Room\01. Floor</Filter>
    </ClInclude>
    <ClInclude Include="..\Header\Wall.h">
      <Filter>02. GameObject\10. Room\02. Wall</Filter>
    </ClInclude>
    <ClInclude Include="..\Header\CubeObject.h">
      <Filter>02. GameObject\10. Room\00. Cube</Filter>
    </ClInclude>
  </ItemGroup>
  <ItemGroup>
    <ClCompile Include="stdafx.cpp">
      <Filter>소스 파일</Filter>
    </ClCompile>
    <ClCompile Include="Client.cpp">
      <Filter>소스 파일</Filter>
    </ClCompile>
    <ClCompile Include="..\Code\MainApp.cpp">
      <Filter>00. MainApp</Filter>
    </ClCompile>
    <ClCompile Include="..\Code\Logo.cpp">
      <Filter>01. Scene\00. Logo</Filter>
    </ClCompile>
    <ClCompile Include="..\Code\Player.cpp">
      <Filter>02. GameObject\00. Player</Filter>
    </ClCompile>
    <ClCompile Include="..\Code\Monster.cpp">
      <Filter>02. GameObject\01. Monster</Filter>
    </ClCompile>
    <ClCompile Include="..\Code\BackGround.cpp">
      <Filter>02. GameObject\02. BackGround</Filter>
    </ClCompile>
    <ClCompile Include="..\Code\Stage.cpp">
      <Filter>01. Scene\01. Stage</Filter>
    </ClCompile>
    <ClCompile Include="..\Code\Loading.cpp">
      <Filter>01. Scene\02. Loading</Filter>
    </ClCompile>
    <ClCompile Include="..\Code\Terrain.cpp">
      <Filter>02. GameObject\03. Terrain</Filter>
    </ClCompile>
    <ClCompile Include="..\Code\DynamicCamera.cpp">
      <Filter>02. GameObject\04. DynamicCamera</Filter>
    </ClCompile>
    <ClCompile Include="..\Code\SkyBox.cpp">
      <Filter>02. GameObject\05. SkyBox</Filter>
    </ClCompile>
    <ClCompile Include="..\Code\Effect.cpp">
      <Filter>02. GameObject\06. Effect</Filter>
    </ClCompile>
    <ClCompile Include="..\Code\Fly.cpp">
      <Filter>02. GameObject\01. Monster\00. Fly</Filter>
    </ClCompile>
    <ClCompile Include="..\Code\AttackFly.cpp">
      <Filter>02. GameObject\01. Monster\01. Attack Fly</Filter>
    </ClCompile>
    <ClCompile Include="..\Code\Dip.cpp">
      <Filter>02. GameObject\01. Monster\02. Dip</Filter>
    </ClCompile>
    <ClCompile Include="..\Code\Pacer.cpp">
      <Filter>02. GameObject\01. Monster\03. Pacer</Filter>
    </ClCompile>
    <ClCompile Include="..\Code\Squirt.cpp">
      <Filter>02. GameObject\01. Monster\04. Squirt</Filter>
    </ClCompile>
    <ClCompile Include="..\Code\PlayerBullet.cpp">
      <Filter>02. GameObject\07. Bullet\00. PlayerBullet</Filter>
    </ClCompile>
    <ClCompile Include="..\Code\Leaper.cpp">
      <Filter>02. GameObject\01. Monster\05. Leaper</Filter>
    </ClCompile>
    <ClCompile Include="..\Code\Charger.cpp">
      <Filter>02. GameObject\01. Monster\06. Charger</Filter>
    </ClCompile>
    <ClCompile Include="..\Code\Monstro.cpp">
      <Filter>02. GameObject\01. Monster\99. Boss\00. Monstro</Filter>
    </ClCompile>
    <ClCompile Include="..\Code\MstBullet.cpp">
      <Filter>02. GameObject\07. Bullet\01. MonsterBullet</Filter>
    </ClCompile>
    <ClCompile Include="..\Code\Item.cpp">
      <Filter>02. GameObject\08. Item</Filter>
    </ClCompile>
    <ClCompile Include="..\Code\Coin.cpp">
      <Filter>02. GameObject\08. Item\00. Coin</Filter>
    </ClCompile>
    <ClCompile Include="..\Code\BrimStone.cpp">
      <Filter>02. GameObject\08. Item\02. BrimStone</Filter>
    </ClCompile>
    <ClCompile Include="..\Code\Pill.cpp">
      <Filter>02. GameObject\08. Item\01. Pill</Filter>
    </ClCompile>
    <ClCompile Include="..\Code\SadOnion.cpp">
      <Filter>02. GameObject\08. Item\03. SadOnion</Filter>
    </ClCompile>
    <ClCompile Include="..\Code\Epic.cpp">
      <Filter>02. GameObject\08. Item\04. EpicItem</Filter>
    </ClCompile>
    <ClCompile Include="..\Code\WhipWorm.cpp">
      <Filter>02. GameObject\08. Item\05. WhipWorm</Filter>
    </ClCompile>
    <ClCompile Include="..\Code\LoadStage.cpp">
      <Filter>01. Scene\03. LoadStage</Filter>
    </ClCompile>
    <ClCompile Include="..\Code\Mom.cpp">
      <Filter>02. GameObject\01. Monster\99. Boss\01. Mom</Filter>
    </ClCompile>
    <ClCompile Include="..\Code\MomParts.cpp">
      <Filter>02. GameObject\01. Monster\99. Boss\01. Mom\00. MomParts</Filter>
    </ClCompile>
    <ClCompile Include="..\Code\BrimStoneBullet.cpp">
      <Filter>02. GameObject\07. Bullet\02. BrimStoneBullet</Filter>
    </ClCompile>
    <ClCompile Include="..\Code\MapObj.cpp">
      <Filter>02. GameObject\09. MapObject</Filter>
    </ClCompile>
    <ClCompile Include="..\Code\CenterFly.cpp">
      <Filter>02. GameObject\01. Monster\01. Attack Fly\00. CenterFly</Filter>
    </ClCompile>
    <ClCompile Include="..\Code\NormalFly.cpp">
      <Filter>02. GameObject\01. Monster\01. Attack Fly\01. NormalFly</Filter>
    </ClCompile>
    <ClCompile Include="..\Code\Poop.cpp">
      <Filter>02. GameObject\09. MapObject\00. Poop</Filter>
    </ClCompile>
    <ClCompile Include="..\Code\HeartHalf.cpp">
      <Filter>02. GameObject\08. Item\06. HeartHalf</Filter>
    </ClCompile>
    <ClCompile Include="..\Code\Heart.cpp">
      <Filter>02. GameObject\08. Item\07. Heart</Filter>
    </ClCompile>
    <ClCompile Include="..\Code\CampFire.cpp">
      <Filter>02. GameObject\09. MapObject\01. CampFire</Filter>
    </ClCompile>
    <ClCompile Include="..\Code\Fire.cpp">
      <Filter>02. GameObject\09. MapObject\01. CampFire\01. Fire</Filter>
    </ClCompile>
    <ClCompile Include="..\Code\Wood.cpp">
      <Filter>02. GameObject\09. MapObject\01. CampFire\00. Wood</Filter>
    </ClCompile>
    <ClCompile Include="..\Code\Spike.cpp">
      <Filter>02. GameObject\09. MapObject\02. Spike</Filter>
    </ClCompile>
    <ClCompile Include="..\Code\SlotMC.cpp">
      <Filter>02. GameObject\09. MapObject\03. SlotMC</Filter>
    </ClCompile>
    <ClCompile Include="..\Code\Floor.cpp">
      <Filter>02. GameObject\10. Room\01. Floor</Filter>
    </ClCompile>
    <ClCompile Include="..\Code\Wall.cpp">
      <Filter>02. GameObject\10. Room\02. Wall</Filter>
    </ClCompile>
    <ClCompile Include="..\Code\CubeObject.cpp">
      <Filter>02. GameObject\10. Room\00. Cube</Filter>
    </ClCompile>
  </ItemGroup>
  <ItemGroup>
    <ResourceCompile Include="Client.rc">
      <Filter>리소스 파일</Filter>
    </ResourceCompile>
  </ItemGroup>
  <ItemGroup>
    <Image Include="small.ico">
      <Filter>리소스 파일</Filter>
    </Image>
    <Image Include="Client.ico">
      <Filter>리소스 파일</Filter>
    </Image>
  </ItemGroup>
</Project>